
Microsoft Visual Studio Solution File, Format Version 12.00
# Visual Studio 2013
VisualStudioVersion = 12.0.21005.1
MinimumVisualStudioVersion = 10.0.40219.1
Project("{8BC9CEB8-8B4A-11D0-8D11-00A0C91BC942}") = "逆置单链表", "逆置单链表\逆置单链表.vcxproj", "{DDE72F64-1B6C-491F-A1B7-E19B082F190A}"
EndProject
Global
	GlobalSection(SolutionConfigurationPlatforms) = preSolution
		Debug|Win32 = Debug|Win32
		Release|Win32 = Release|Win32
	EndGlobalSection
	GlobalSection(ProjectConfigurationPlatforms) = postSolution
		{DDE72F64-1B6C-491F-A1B7-E19B082F190A}.Debug|Win32.ActiveCfg = Debug|Win32
		{DDE72F64-1B6C-491F-A1B7-E19B082F190A}.Debug|Win32.Build.0 = Debug|Win32
		{DDE72F64-1B6C-491F-A1B7-E19B082F190A}.Release|Win32.ActiveCfg = Release|Win32
		{DDE72F64-1B6C-491F-A1B7-E19B082F190A}.Release|Win32.Build.0 = Release|Win32
	EndGlobalSection
	GlobalSection(SolutionProperties) = preSolution
		HideSolutionNode = FALSE
	EndGlobalSection
EndGlobal
