
Microsoft Visual Studio Solution File, Format Version 12.00
# Visual Studio 2013
VisualStudioVersion = 12.0.21005.1
MinimumVisualStudioVersion = 10.0.40219.1
Project("{8BC9CEB8-8B4A-11D0-8D11-00A0C91BC942}") = "求第n个斐波那契数列的值", "求第n个斐波那契数列的值\求第n个斐波那契数列的值.vcxproj", "{740E1CDD-A984-40F7-BD95-B77C7DD89184}"
EndProject
Global
	GlobalSection(SolutionConfigurationPlatforms) = preSolution
		Debug|Win32 = Debug|Win32
		Release|Win32 = Release|Win32
	EndGlobalSection
	GlobalSection(ProjectConfigurationPlatforms) = postSolution
		{740E1CDD-A984-40F7-BD95-B77C7DD89184}.Debug|Win32.ActiveCfg = Debug|Win32
		{740E1CDD-A984-40F7-BD95-B77C7DD89184}.Debug|Win32.Build.0 = Debug|Win32
		{740E1CDD-A984-40F7-BD95-B77C7DD89184}.Release|Win32.ActiveCfg = Release|Win32
		{740E1CDD-A984-40F7-BD95-B77C7DD89184}.Release|Win32.Build.0 = Release|Win32
	EndGlobalSection
	GlobalSection(SolutionProperties) = preSolution
		HideSolutionNode = FALSE
	EndGlobalSection
EndGlobal
