
Microsoft Visual Studio Solution File, Format Version 12.00
# Visual Studio Version 16
VisualStudioVersion = 16.0.29306.81
MinimumVisualStudioVersion = 10.0.40219.1
Project("{8BC9CEB8-8B4A-11D0-8D11-00A0C91BC942}") = "链表的中间结点", "链表的中间结点\链表的中间结点.vcxproj", "{FA39E865-CE81-4FF8-829A-55C3A4DDFC8B}"
EndProject
Global
	GlobalSection(SolutionConfigurationPlatforms) = preSolution
		Debug|x64 = Debug|x64
		Debug|x86 = Debug|x86
		Release|x64 = Release|x64
		Release|x86 = Release|x86
	EndGlobalSection
	GlobalSection(ProjectConfigurationPlatforms) = postSolution
		{FA39E865-CE81-4FF8-829A-55C3A4DDFC8B}.Debug|x64.ActiveCfg = Debug|x64
		{FA39E865-CE81-4FF8-829A-55C3A4DDFC8B}.Debug|x64.Build.0 = Debug|x64
		{FA39E865-CE81-4FF8-829A-55C3A4DDFC8B}.Debug|x86.ActiveCfg = Debug|Win32
		{FA39E865-CE81-4FF8-829A-55C3A4DDFC8B}.Debug|x86.Build.0 = Debug|Win32
		{FA39E865-CE81-4FF8-829A-55C3A4DDFC8B}.Release|x64.ActiveCfg = Release|x64
		{FA39E865-CE81-4FF8-829A-55C3A4DDFC8B}.Release|x64.Build.0 = Release|x64
		{FA39E865-CE81-4FF8-829A-55C3A4DDFC8B}.Release|x86.ActiveCfg = Release|Win32
		{FA39E865-CE81-4FF8-829A-55C3A4DDFC8B}.Release|x86.Build.0 = Release|Win32
	EndGlobalSection
	GlobalSection(SolutionProperties) = preSolution
		HideSolutionNode = FALSE
	EndGlobalSection
	GlobalSection(ExtensibilityGlobals) = postSolution
		SolutionGuid = {92E91F90-E164-4CF2-B1D0-D1D379A591BC}
	EndGlobalSection
EndGlobal
